// !$*UTF8*$!
{
	archiveVersion = 1;
	classes = {
	};
	objectVersion = 56;
	objects = {

/* Begin PBXBuildFile section */
		639DA9322A8546E100AFD13A /* AppDelegate.swift in Sources */ = {isa = PBXBuildFile; fileRef = 639DA9312A8546E100AFD13A /* AppDelegate.swift */; };
		639DA9342A8546E100AFD13A /* SceneDelegate.swift in Sources */ = {isa = PBXBuildFile; fileRef = 639DA9332A8546E100AFD13A /* SceneDelegate.swift */; };
		639DA9362A8546E100AFD13A /* ViewController.swift in Sources */ = {isa = PBXBuildFile; fileRef = 639DA9352A8546E100AFD13A /* ViewController.swift */; };
		639DA9392A8546E100AFD13A /* Main.storyboard in Resources */ = {isa = PBXBuildFile; fileRef = 639DA9372A8546E100AFD13A /* Main.storyboard */; };
		639DA93B2A8546E300AFD13A /* Assets.xcassets in Resources */ = {isa = PBXBuildFile; fileRef = 639DA93A2A8546E300AFD13A /* Assets.xcassets */; };
		639DA93E2A8546E300AFD13A /* LaunchScreen.storyboard in Resources */ = {isa = PBXBuildFile; fileRef = 639DA93C2A8546E300AFD13A /* LaunchScreen.storyboard */; };
		639DA9492A8546E400AFD13A /* CounrtyPredictTests.swift in Sources */ = {isa = PBXBuildFile; fileRef = 639DA9482A8546E400AFD13A /* CounrtyPredictTests.swift */; };
		639DA9532A8546E400AFD13A /* CounrtyPredictUITests.swift in Sources */ = {isa = PBXBuildFile; fileRef = 639DA9522A8546E400AFD13A /* CounrtyPredictUITests.swift */; };
		639DA9552A8546E400AFD13A /* CounrtyPredictUITestsLaunchTests.swift in Sources */ = {isa = PBXBuildFile; fileRef = 639DA9542A8546E400AFD13A /* CounrtyPredictUITestsLaunchTests.swift */; };
/* End PBXBuildFile section */

/* Begin PBXContainerItemProxy section */
		639DA9452A8546E400AFD13A /* PBXContainerItemProxy */ = {
			isa = PBXContainerItemProxy;
			containerPortal = 639DA9262A8546E100AFD13A /* Project object */;
			proxyType = 1;
			remoteGlobalIDString = 639DA92D2A8546E100AFD13A;
			remoteInfo = CounrtyPredict;
		};
		639DA94F2A8546E400AFD13A /* PBXContainerItemProxy */ = {
			isa = PBXContainerItemProxy;
			containerPortal = 639DA9262A8546E100AFD13A /* Project object */;
			proxyType = 1;
			remoteGlobalIDString = 639DA92D2A8546E100AFD13A;
			remoteInfo = CounrtyPredict;
		};
/* End PBXContainerItemProxy section */

/* Begin PBXFileReference section */
		639DA92E2A8546E100AFD13A /* CounrtyPredict.app */ = {isa = PBXFileReference; explicitFileType = wrapper.application; includeInIndex = 0; path = CounrtyPredict.app; sourceTree = BUILT_PRODUCTS_DIR; };
		639DA9312A8546E100AFD13A /* AppDelegate.swift */ = {isa = PBXFileReference; lastKnownFileType = sourcecode.swift; path = AppDelegate.swift; sourceTree = "<group>"; };
		639DA9332A8546E100AFD13A /* SceneDelegate.swift */ = {isa = PBXFileReference; lastKnownFileType = sourcecode.swift; path = SceneDelegate.swift; sourceTree = "<group>"; };
		639DA9352A8546E100AFD13A /* ViewController.swift */ = {isa = PBXFileReference; lastKnownFileType = sourcecode.swift; path = ViewController.swift; sourceTree = "<group>"; };
		639DA9382A8546E100AFD13A /* Base */ = {isa = PBXFileReference; lastKnownFileType = file.storyboard; name = Base; path = Base.lproj/Main.storyboard; sourceTree = "<group>"; };
		639DA93A2A8546E300AFD13A /* Assets.xcassets */ = {isa = PBXFileReference; lastKnownFileType = folder.assetcatalog; path = Assets.xcassets; sourceTree = "<group>"; };
		639DA93D2A8546E300AFD13A /* Base */ = {isa = PBXFileReference; lastKnownFileType = file.storyboard; name = Base; path = Base.lproj/LaunchScreen.storyboard; sourceTree = "<group>"; };
		639DA93F2A8546E300AFD13A /* Info.plist */ = {isa = PBXFileReference; lastKnownFileType = text.plist.xml; path = Info.plist; sourceTree = "<group>"; };
		639DA9442A8546E400AFD13A /* CounrtyPredictTests.xctest */ = {isa = PBXFileReference; explicitFileType = wrapper.cfbundle; includeInIndex = 0; path = CounrtyPredictTests.xctest; sourceTree = BUILT_PRODUCTS_DIR; };
		639DA9482A8546E400AFD13A /* CounrtyPredictTests.swift */ = {isa = PBXFileReference; lastKnownFileType = sourcecode.swift; path = CounrtyPredictTests.swift; sourceTree = "<group>"; };
		639DA94E2A8546E400AFD13A /* CounrtyPredictUITests.xctest */ = {isa = PBXFileReference; explicitFileType = wrapper.cfbundle; includeInIndex = 0; path = CounrtyPredictUITests.xctest; sourceTree = BUILT_PRODUCTS_DIR; };
		639DA9522A8546E400AFD13A /* CounrtyPredictUITests.swift */ = {isa = PBXFileReference; lastKnownFileType = sourcecode.swift; path = CounrtyPredictUITests.swift; sourceTree = "<group>"; };
		639DA9542A8546E400AFD13A /* CounrtyPredictUITestsLaunchTests.swift */ = {isa = PBXFileReference; lastKnownFileType = sourcecode.swift; path = CounrtyPredictUITestsLaunchTests.swift; sourceTree = "<group>"; };
/* End PBXFileReference section */

/* Begin PBXFrameworksBuildPhase section */
		639DA92B2A8546E100AFD13A /* Frameworks */ = {
			isa = PBXFrameworksBuildPhase;
			buildActionMask = 2147483647;
			files = (
			);
			runOnlyForDeploymentPostprocessing = 0;
		};
		639DA9412A8546E400AFD13A /* Frameworks */ = {
			isa = PBXFrameworksBuildPhase;
			buildActionMask = 2147483647;
			files = (
			);
			runOnlyForDeploymentPostprocessing = 0;
		};
		639DA94B2A8546E400AFD13A /* Frameworks */ = {
			isa = PBXFrameworksBuildPhase;
			buildActionMask = 2147483647;
			files = (
			);
			runOnlyForDeploymentPostprocessing = 0;
		};
/* End PBXFrameworksBuildPhase section */

/* Begin PBXGroup section */
		639DA9252A8546E100AFD13A = {
			isa = PBXGroup;
			children = (
				639DA9302A8546E100AFD13A /* CounrtyPredict */,
				639DA9472A8546E400AFD13A /* CounrtyPredictTests */,
				639DA9512A8546E400AFD13A /* CounrtyPredictUITests */,
				639DA92F2A8546E100AFD13A /* Products */,
			);
			sourceTree = "<group>";
		};
		639DA92F2A8546E100AFD13A /* Products */ = {
			isa = PBXGroup;
			children = (
				639DA92E2A8546E100AFD13A /* CounrtyPredict.app */,
				639DA9442A8546E400AFD13A /* CounrtyPredictTests.xctest */,
				639DA94E2A8546E400AFD13A /* CounrtyPredictUITests.xctest */,
			);
			name = Products;
			sourceTree = "<group>";
		};
		639DA9302A8546E100AFD13A /* CounrtyPredict */ = {
			isa = PBXGroup;
			children = (
				639DA9312A8546E100AFD13A /* AppDelegate.swift */,
				639DA9332A8546E100AFD13A /* SceneDelegate.swift */,
				639DA9352A8546E100AFD13A /* ViewController.swift */,
				639DA9372A8546E100AFD13A /* Main.storyboard */,
				639DA93A2A8546E300AFD13A /* Assets.xcassets */,
				639DA93C2A8546E300AFD13A /* LaunchScreen.storyboard */,
				639DA93F2A8546E300AFD13A /* Info.plist */,
			);
			path = CounrtyPredict;
			sourceTree = "<group>";
		};
		639DA9472A8546E400AFD13A /* CounrtyPredictTests */ = {
			isa = PBXGroup;
			children = (
				639DA9482A8546E400AFD13A /* CounrtyPredictTests.swift */,
			);
			path = CounrtyPredictTests;
			sourceTree = "<group>";
		};
		639DA9512A8546E400AFD13A /* CounrtyPredictUITests */ = {
			isa = PBXGroup;
			children = (
				639DA9522A8546E400AFD13A /* CounrtyPredictUITests.swift */,
				639DA9542A8546E400AFD13A /* CounrtyPredictUITestsLaunchTests.swift */,
			);
			path = CounrtyPredictUITests;
			sourceTree = "<group>";
		};
/* End PBXGroup section */

/* Begin PBXNativeTarget section */
		639DA92D2A8546E100AFD13A /* CounrtyPredict */ = {
			isa = PBXNativeTarget;
			buildConfigurationList = 639DA9582A8546E400AFD13A /* Build configuration list for PBXNativeTarget "CounrtyPredict" */;
			buildPhases = (
				639DA92A2A8546E100AFD13A /* Sources */,
				639DA92B2A8546E100AFD13A /* Frameworks */,
				639DA92C2A8546E100AFD13A /* Resources */,
			);
			buildRules = (
			);
			dependencies = (
			);
			name = CounrtyPredict;
			productName = CounrtyPredict;
			productReference = 639DA92E2A8546E100AFD13A /* CounrtyPredict.app */;
			productType = "com.apple.product-type.application";
		};
		639DA9432A8546E400AFD13A /* CounrtyPredictTests */ = {
			isa = PBXNativeTarget;
			buildConfigurationList = 639DA95B2A8546E400AFD13A /* Build configuration list for PBXNativeTarget "CounrtyPredictTests" */;
			buildPhases = (
				639DA9402A8546E400AFD13A /* Sources */,
				639DA9412A8546E400AFD13A /* Frameworks */,
				639DA9422A8546E400AFD13A /* Resources */,
			);
			buildRules = (
			);
			dependencies = (
				639DA9462A8546E400AFD13A /* PBXTargetDependency */,
			);
			name = CounrtyPredictTests;
			productName = CounrtyPredictTests;
			productReference = 639DA9442A8546E400AFD13A /* CounrtyPredictTests.xctest */;
			productType = "com.apple.product-type.bundle.unit-test";
		};
		639DA94D2A8546E400AFD13A /* CounrtyPredictUITests */ = {
			isa = PBXNativeTarget;
			buildConfigurationList = 639DA95E2A8546E400AFD13A /* Build configuration list for PBXNativeTarget "CounrtyPredictUITests" */;
			buildPhases = (
				639DA94A2A8546E400AFD13A /* Sources */,
				639DA94B2A8546E400AFD13A /* Frameworks */,
				639DA94C2A8546E400AFD13A /* Resources */,
			);
			buildRules = (
			);
			dependencies = (
				639DA9502A8546E400AFD13A /* PBXTargetDependency */,
			);
			name = CounrtyPredictUITests;
			productName = CounrtyPredictUITests;
			productReference = 639DA94E2A8546E400AFD13A /* CounrtyPredictUITests.xctest */;
			productType = "com.apple.product-type.bundle.ui-testing";
		};
/* End PBXNativeTarget section */

/* Begin PBXProject section */
		639DA9262A8546E100AFD13A /* Project object */ = {
			isa = PBXProject;
			attributes = {
				BuildIndependentTargetsInParallel = 1;
				LastSwiftUpdateCheck = 1430;
				LastUpgradeCheck = 1430;
				TargetAttributes = {
					639DA92D2A8546E100AFD13A = {
						CreatedOnToolsVersion = 14.3.1;
					};
					639DA9432A8546E400AFD13A = {
						CreatedOnToolsVersion = 14.3.1;
						TestTargetID = 639DA92D2A8546E100AFD13A;
					};
					639DA94D2A8546E400AFD13A = {
						CreatedOnToolsVersion = 14.3.1;
						TestTargetID = 639DA92D2A8546E100AFD13A;
					};
				};
			};
			buildConfigurationList = 639DA9292A8546E100AFD13A /* Build configuration list for PBXProject "CounrtyPredict" */;
			compatibilityVersion = "Xcode 14.0";
			developmentRegion = en;
			hasScannedForEncodings = 0;
			knownRegions = (
				en,
				Base,
			);
			mainGroup = 639DA9252A8546E100AFD13A;
			productRefGroup = 639DA92F2A8546E100AFD13A /* Products */;
			projectDirPath = "";
			projectRoot = "";
			targets = (
				639DA92D2A8546E100AFD13A /* CounrtyPredict */,
				639DA9432A8546E400AFD13A /* CounrtyPredictTests */,
				639DA94D2A8546E400AFD13A /* CounrtyPredictUITests */,
			);
		};
/* End PBXProject section */

/* Begin PBXResourcesBuildPhase section */
		639DA92C2A8546E100AFD13A /* Resources */ = {
			isa = PBXResourcesBuildPhase;
			buildActionMask = 2147483647;
			files = (
				639DA93E2A8546E300AFD13A /* LaunchScreen.storyboard in Resources */,
				639DA93B2A8546E300AFD13A /* Assets.xcassets in Resources */,
				639DA9392A8546E100AFD13A /* Main.storyboard in Resources */,
			);
			runOnlyForDeploymentPostprocessing = 0;
		};
		639DA9422A8546E400AFD13A /* Resources */ = {
			isa = PBXResourcesBuildPhase;
			buildActionMask = 2147483647;
			files = (
			);
			runOnlyForDeploymentPostprocessing = 0;
		};
		639DA94C2A8546E400AFD13A /* Resources */ = {
			isa = PBXResourcesBuildPhase;
			buildActionMask = 2147483647;
			files = (
			);
			runOnlyForDeploymentPostprocessing = 0;
		};
/* End PBXResourcesBuildPhase section */

/* Begin PBXSourcesBuildPhase section */
		639DA92A2A8546E100AFD13A /* Sources */ = {
			isa = PBXSourcesBuildPhase;
			buildActionMask = 2147483647;
			files = (
				639DA9362A8546E100AFD13A /* ViewController.swift in Sources */,
				639DA9322A8546E100AFD13A /* AppDelegate.swift in Sources */,
				639DA9342A8546E100AFD13A /* SceneDelegate.swift in Sources */,
			);
			runOnlyForDeploymentPostprocessing = 0;
		};
		639DA9402A8546E400AFD13A /* Sources */ = {
			isa = PBXSourcesBuildPhase;
			buildActionMask = 2147483647;
			files = (
				639DA9492A8546E400AFD13A /* CounrtyPredictTests.swift in Sources */,
			);
			runOnlyForDeploymentPostprocessing = 0;
		};
		639DA94A2A8546E400AFD13A /* Sources */ = {
			isa = PBXSourcesBuildPhase;
			buildActionMask = 2147483647;
			files = (
				639DA9532A8546E400AFD13A /* CounrtyPredictUITests.swift in Sources */,
				639DA9552A8546E400AFD13A /* CounrtyPredictUITestsLaunchTests.swift in Sources */,
			);
			runOnlyForDeploymentPostprocessing = 0;
		};
/* End PBXSourcesBuildPhase section */

/* Begin PBXTargetDependency section */
		639DA9462A8546E400AFD13A /* PBXTargetDependency */ = {
			isa = PBXTargetDependency;
			target = 639DA92D2A8546E100AFD13A /* CounrtyPredict */;
			targetProxy = 639DA9452A8546E400AFD13A /* PBXContainerItemProxy */;
		};
		639DA9502A8546E400AFD13A /* PBXTargetDependency */ = {
			isa = PBXTargetDependency;
			target = 639DA92D2A8546E100AFD13A /* CounrtyPredict */;
			targetProxy = 639DA94F2A8546E400AFD13A /* PBXContainerItemProxy */;
		};
/* End PBXTargetDependency section */

/* Begin PBXVariantGroup section */
		639DA9372A8546E100AFD13A /* Main.storyboard */ = {
			isa = PBXVariantGroup;
			children = (
				639DA9382A8546E100AFD13A /* Base */,
			);
			name = Main.storyboard;
			sourceTree = "<group>";
		};
		639DA93C2A8546E300AFD13A /* LaunchScreen.storyboard */ = {
			isa = PBXVariantGroup;
			children = (
				639DA93D2A8546E300AFD13A /* Base */,
			);
			name = LaunchScreen.storyboard;
			sourceTree = "<group>";
		};
/* End PBXVariantGroup section */

/* Begin XCBuildConfiguration section */
		639DA9562A8546E400AFD13A /* Debug */ = {
			isa = XCBuildConfiguration;
			buildSettings = {
				ALWAYS_SEARCH_USER_PATHS = NO;
				CLANG_ANALYZER_NONNULL = YES;
				CLANG_ANALYZER_NUMBER_OBJECT_CONVERSION = YES_AGGRESSIVE;
				CLANG_CXX_LANGUAGE_STANDARD = "gnu++20";
				CLANG_ENABLE_MODULES = YES;
				CLANG_ENABLE_OBJC_ARC = YES;
				CLANG_ENABLE_OBJC_WEAK = YES;
				CLANG_WARN_BLOCK_CAPTURE_AUTORELEASING = YES;
				CLANG_WARN_BOOL_CONVERSION = YES;
				CLANG_WARN_COMMA = YES;
				CLANG_WARN_CONSTANT_CONVERSION = YES;
				CLANG_WARN_DEPRECATED_OBJC_IMPLEMENTATIONS = YES;
				CLANG_WARN_DIRECT_OBJC_ISA_USAGE = YES_ERROR;
				CLANG_WARN_DOCUMENTATION_COMMENTS = YES;
				CLANG_WARN_EMPTY_BODY = YES;
				CLANG_WARN_ENUM_CONVERSION = YES;
				CLANG_WARN_INFINITE_RECURSION = YES;
				CLANG_WARN_INT_CONVERSION = YES;
				CLANG_WARN_NON_LITERAL_NULL_CONVERSION = YES;
				CLANG_WARN_OBJC_IMPLICIT_RETAIN_SELF = YES;
				CLANG_WARN_OBJC_LITERAL_CONVERSION = YES;
				CLANG_WARN_OBJC_ROOT_CLASS = YES_ERROR;
				CLANG_WARN_QUOTED_INCLUDE_IN_FRAMEWORK_HEADER = YES;
				CLANG_WARN_RANGE_LOOP_ANALYSIS = YES;
				CLANG_WARN_STRICT_PROTOTYPES = YES;
				CLANG_WARN_SUSPICIOUS_MOVE = YES;
				CLANG_WARN_UNGUARDED_AVAILABILITY = YES_AGGRESSIVE;
				CLANG_WARN_UNREACHABLE_CODE = YES;
				CLANG_WARN__DUPLICATE_METHOD_MATCH = YES;
				COPY_PHASE_STRIP = NO;
				DEBUG_INFORMATION_FORMAT = dwarf;
				ENABLE_STRICT_OBJC_MSGSEND = YES;
				ENABLE_TESTABILITY = YES;
				GCC_C_LANGUAGE_STANDARD = gnu11;
				GCC_DYNAMIC_NO_PIC = NO;
				GCC_NO_COMMON_BLOCKS = YES;
				GCC_OPTIMIZATION_LEVEL = 0;
				GCC_PREPROCESSOR_DEFINITIONS = (
					"DEBUG=1",
					"$(inherited)",
				);
				GCC_WARN_64_TO_32_BIT_CONVERSION = YES;
				GCC_WARN_ABOUT_RETURN_TYPE = YES_ERROR;
				GCC_WARN_UNDECLARED_SELECTOR = YES;
				GCC_WARN_UNINITIALIZED_AUTOS = YES_AGGRESSIVE;
				GCC_WARN_UNUSED_FUNCTION = YES;
				GCC_WARN_UNUSED_VARIABLE = YES;
				IPHONEOS_DEPLOYMENT_TARGET = 16.4;
				MTL_ENABLE_DEBUG_INFO = INCLUDE_SOURCE;
				MTL_FAST_MATH = YES;
				ONLY_ACTIVE_ARCH = YES;
				SDKROOT = iphoneos;
				SWIFT_ACTIVE_COMPILATION_CONDITIONS = DEBUG;
				SWIFT_OPTIMIZATION_LEVEL = "-Onone";
			};
			name = Debug;
		};
		639DA9572A8546E400AFD13A /* Release */ = {
			isa = XCBuildConfiguration;
			buildSettings = {
				ALWAYS_SEARCH_USER_PATHS = NO;
				CLANG_ANALYZER_NONNULL = YES;
				CLANG_ANALYZER_NUMBER_OBJECT_CONVERSION = YES_AGGRESSIVE;
				CLANG_CXX_LANGUAGE_STANDARD = "gnu++20";
				CLANG_ENABLE_MODULES = YES;
				CLANG_ENABLE_OBJC_ARC = YES;
				CLANG_ENABLE_OBJC_WEAK = YES;
				CLANG_WARN_BLOCK_CAPTURE_AUTORELEASING = YES;
				CLANG_WARN_BOOL_CONVERSION = YES;
				CLANG_WARN_COMMA = YES;
				CLANG_WARN_CONSTANT_CONVERSION = YES;
				CLANG_WARN_DEPRECATED_OBJC_IMPLEMENTATIONS = YES;
				CLANG_WARN_DIRECT_OBJC_ISA_USAGE = YES_ERROR;
				CLANG_WARN_DOCUMENTATION_COMMENTS = YES;
				CLANG_WARN_EMPTY_BODY = YES;
				CLANG_WARN_ENUM_CONVERSION = YES;
				CLANG_WARN_INFINITE_RECURSION = YES;
				CLANG_WARN_INT_CONVERSION = YES;
				CLANG_WARN_NON_LITERAL_NULL_CONVERSION = YES;
				CLANG_WARN_OBJC_IMPLICIT_RETAIN_SELF = YES;
				CLANG_WARN_OBJC_LITERAL_CONVERSION = YES;
				CLANG_WARN_OBJC_ROOT_CLASS = YES_ERROR;
				CLANG_WARN_QUOTED_INCLUDE_IN_FRAMEWORK_HEADER = YES;
				CLANG_WARN_RANGE_LOOP_ANALYSIS = YES;
				CLANG_WARN_STRICT_PROTOTYPES = YES;
				CLANG_WARN_SUSPICIOUS_MOVE = YES;
				CLANG_WARN_UNGUARDED_AVAILABILITY = YES_AGGRESSIVE;
				CLANG_WARN_UNREACHABLE_CODE = YES;
				CLANG_WARN__DUPLICATE_METHOD_MATCH = YES;
				COPY_PHASE_STRIP = NO;
				DEBUG_INFORMATION_FORMAT = "dwarf-with-dsym";
				ENABLE_NS_ASSERTIONS = NO;
				ENABLE_STRICT_OBJC_MSGSEND = YES;
				GCC_C_LANGUAGE_STANDARD = gnu11;
				GCC_NO_COMMON_BLOCKS = YES;
				GCC_WARN_64_TO_32_BIT_CONVERSION = YES;
				GCC_WARN_ABOUT_RETURN_TYPE = YES_ERROR;
				GCC_WARN_UNDECLARED_SELECTOR = YES;
				GCC_WARN_UNINITIALIZED_AUTOS = YES_AGGRESSIVE;
				GCC_WARN_UNUSED_FUNCTION = YES;
				GCC_WARN_UNUSED_VARIABLE = YES;
				IPHONEOS_DEPLOYMENT_TARGET = 16.4;
				MTL_ENABLE_DEBUG_INFO = NO;
				MTL_FAST_MATH = YES;
				SDKROOT = iphoneos;
				SWIFT_COMPILATION_MODE = wholemodule;
				SWIFT_OPTIMIZATION_LEVEL = "-O";
				VALIDATE_PRODUCT = YES;
			};
			name = Release;
		};
		639DA9592A8546E400AFD13A /* Debug */ = {
			isa = XCBuildConfiguration;
			buildSettings = {
				ASSETCATALOG_COMPILER_APPICON_NAME = AppIcon;
				ASSETCATALOG_COMPILER_GLOBAL_ACCENT_COLOR_NAME = AccentColor;
				CODE_SIGN_STYLE = Automatic;
				CURRENT_PROJECT_VERSION = 1;
				GENERATE_INFOPLIST_FILE = YES;
				INFOPLIST_FILE = CounrtyPredict/Info.plist;
				INFOPLIST_KEY_UIApplicationSupportsIndirectInputEvents = YES;
				INFOPLIST_KEY_UILaunchStoryboardName = LaunchScreen;
				INFOPLIST_KEY_UIMainStoryboardFile = Main;
				INFOPLIST_KEY_UISupportedInterfaceOrientations_iPad = "UIInterfaceOrientationPortrait UIInterfaceOrientationPortraitUpsideDown UIInterfaceOrientationLandscapeLeft UIInterfaceOrientationLandscapeRight";
				INFOPLIST_KEY_UISupportedInterfaceOrientations_iPhone = "UIInterfaceOrientationPortrait UIInterfaceOrientationLandscapeLeft UIInterfaceOrientationLandscapeRight";
				LD_RUNPATH_SEARCH_PATHS = (
					"$(inherited)",
					"@executable_path/Frameworks",
				);
				MARKETING_VERSION = 1.0;
				PRODUCT_BUNDLE_IDENTIFIER = justcode.CounrtyPredict;
				PRODUCT_NAME = "$(TARGET_NAME)";
				SWIFT_EMIT_LOC_STRINGS = YES;
				SWIFT_VERSION = 5.0;
				TARGETED_DEVICE_FAMILY = "1,2";
			};
			name = Debug;
		};
		639DA95A2A8546E400AFD13A /* Release */ = {
			isa = XCBuildConfiguration;
			buildSettings = {
				ASSETCATALOG_COMPILER_APPICON_NAME = AppIcon;
				ASSETCATALOG_COMPILER_GLOBAL_ACCENT_COLOR_NAME = AccentColor;
				CODE_SIGN_STYLE = Automatic;
				CURRENT_PROJECT_VERSION = 1;
				GENERATE_INFOPLIST_FILE = YES;
				INFOPLIST_FILE = CounrtyPredict/Info.plist;
				INFOPLIST_KEY_UIApplicationSupportsIndirectInputEvents = YES;
				INFOPLIST_KEY_UILaunchStoryboardName = LaunchScreen;
				INFOPLIST_KEY_UIMainStoryboardFile = Main;
				INFOPLIST_KEY_UISupportedInterfaceOrientations_iPad = "UIInterfaceOrientationPortrait UIInterfaceOrientationPortraitUpsideDown UIInterfaceOrientationLandscapeLeft UIInterfaceOrientationLandscapeRight";
				INFOPLIST_KEY_UISupportedInterfaceOrientations_iPhone = "UIInterfaceOrientationPortrait UIInterfaceOrientationLandscapeLeft UIInterfaceOrientationLandscapeRight";
				LD_RUNPATH_SEARCH_PATHS = (
					"$(inherited)",
					"@executable_path/Frameworks",
				);
				MARKETING_VERSION = 1.0;
				PRODUCT_BUNDLE_IDENTIFIER = justcode.CounrtyPredict;
				PRODUCT_NAME = "$(TARGET_NAME)";
				SWIFT_EMIT_LOC_STRINGS = YES;
				SWIFT_VERSION = 5.0;
				TARGETED_DEVICE_FAMILY = "1,2";
			};
			name = Release;
		};
		639DA95C2A8546E400AFD13A /* Debug */ = {
			isa = XCBuildConfiguration;
			buildSettings = {
				ALWAYS_EMBED_SWIFT_STANDARD_LIBRARIES = YES;
				BUNDLE_LOADER = "$(TEST_HOST)";
				CODE_SIGN_STYLE = Automatic;
				CURRENT_PROJECT_VERSION = 1;
				GENERATE_INFOPLIST_FILE = YES;
				IPHONEOS_DEPLOYMENT_TARGET = 16.4;
				MARKETING_VERSION = 1.0;
				PRODUCT_BUNDLE_IDENTIFIER = justcode.CounrtyPredictTests;
				PRODUCT_NAME = "$(TARGET_NAME)";
				SWIFT_EMIT_LOC_STRINGS = NO;
				SWIFT_VERSION = 5.0;
				TARGETED_DEVICE_FAMILY = "1,2";
				TEST_HOST = "$(BUILT_PRODUCTS_DIR)/CounrtyPredict.app/$(BUNDLE_EXECUTABLE_FOLDER_PATH)/CounrtyPredict";
			};
			name = Debug;
		};
		639DA95D2A8546E400AFD13A /* Release */ = {
			isa = XCBuildConfiguration;
			buildSettings = {
				ALWAYS_EMBED_SWIFT_STANDARD_LIBRARIES = YES;
				BUNDLE_LOADER = "$(TEST_HOST)";
				CODE_SIGN_STYLE = Automatic;
				CURRENT_PROJECT_VERSION = 1;
				GENERATE_INFOPLIST_FILE = YES;
				IPHONEOS_DEPLOYMENT_TARGET = 16.4;
				MARKETING_VERSION = 1.0;
				PRODUCT_BUNDLE_IDENTIFIER = justcode.CounrtyPredictTests;
				PRODUCT_NAME = "$(TARGET_NAME)";
				SWIFT_EMIT_LOC_STRINGS = NO;
				SWIFT_VERSION = 5.0;
				TARGETED_DEVICE_FAMILY = "1,2";
				TEST_HOST = "$(BUILT_PRODUCTS_DIR)/CounrtyPredict.app/$(BUNDLE_EXECUTABLE_FOLDER_PATH)/CounrtyPredict";
			};
			name = Release;
		};
		639DA95F2A8546E400AFD13A /* Debug */ = {
			isa = XCBuildConfiguration;
			buildSettings = {
				ALWAYS_EMBED_SWIFT_STANDARD_LIBRARIES = YES;
				CODE_SIGN_STYLE = Automatic;
				CURRENT_PROJECT_VERSION = 1;
				GENERATE_INFOPLIST_FILE = YES;
				MARKETING_VERSION = 1.0;
				PRODUCT_BUNDLE_IDENTIFIER = justcode.CounrtyPredictUITests;
				PRODUCT_NAME = "$(TARGET_NAME)";
				SWIFT_EMIT_LOC_STRINGS = NO;
				SWIFT_VERSION = 5.0;
				TARGETED_DEVICE_FAMILY = "1,2";
				TEST_TARGET_NAME = CounrtyPredict;
			};
			name = Debug;
		};
		639DA9602A8546E400AFD13A /* Release */ = {
			isa = XCBuildConfiguration;
			buildSettings = {
				ALWAYS_EMBED_SWIFT_STANDARD_LIBRARIES = YES;
				CODE_SIGN_STYLE = Automatic;
				CURRENT_PROJECT_VERSION = 1;
				GENERATE_INFOPLIST_FILE = YES;
				MARKETING_VERSION = 1.0;
				PRODUCT_BUNDLE_IDENTIFIER = justcode.CounrtyPredictUITests;
				PRODUCT_NAME = "$(TARGET_NAME)";
				SWIFT_EMIT_LOC_STRINGS = NO;
				SWIFT_VERSION = 5.0;
				TARGETED_DEVICE_FAMILY = "1,2";
				TEST_TARGET_NAME = CounrtyPredict;
			};
			name = Release;
		};
/* End XCBuildConfiguration section */

/* Begin XCConfigurationList section */
		639DA9292A8546E100AFD13A /* Build configuration list for PBXProject "CounrtyPredict" */ = {
			isa = XCConfigurationList;
			buildConfigurations = (
				639DA9562A8546E400AFD13A /* Debug */,
				639DA9572A8546E400AFD13A /* Release */,
			);
			defaultConfigurationIsVisible = 0;
			defaultConfigurationName = Release;
		};
		639DA9582A8546E400AFD13A /* Build configuration list for PBXNativeTarget "CounrtyPredict" */ = {
			isa = XCConfigurationList;
			buildConfigurations = (
				639DA9592A8546E400AFD13A /* Debug */,
				639DA95A2A8546E400AFD13A /* Release */,
			);
			defaultConfigurationIsVisible = 0;
			defaultConfigurationName = Release;
		};
		639DA95B2A8546E400AFD13A /* Build configuration list for PBXNativeTarget "CounrtyPredictTests" */ = {
			isa = XCConfigurationList;
			buildConfigurations = (
				639DA95C2A8546E400AFD13A /* Debug */,
				639DA95D2A8546E400AFD13A /* Release */,
			);
			defaultConfigurationIsVisible = 0;
			defaultConfigurationName = Release;
		};
		639DA95E2A8546E400AFD13A /* Build configuration list for PBXNativeTarget "CounrtyPredictUITests" */ = {
			isa = XCConfigurationList;
			buildConfigurations = (
				639DA95F2A8546E400AFD13A /* Debug */,
				639DA9602A8546E400AFD13A /* Release */,
			);
			defaultConfigurationIsVisible = 0;
			defaultConfigurationName = Release;
		};
/* End XCConfigurationList section */
	};
	rootObject = 639DA9262A8546E100AFD13A /* Project object */;
}
